
Microsoft Visual Studio Solution File, Format Version 12.00
# Visual Studio 2012
Project("{8BC9CEB8-8B4A-11D0-8D11-00A0C91BC942}") = "Command", "Command\Command.vcxproj", "{342E1A81-5F34-41A8-A828-7C9BDCEFCBFB}"
EndProject
Global
	GlobalSection(SolutionConfigurationPlatforms) = preSolution
		Debug|Win32 = Debug|Win32
		Release|Win32 = Release|Win32
	EndGlobalSection
	GlobalSection(ProjectConfigurationPlatforms) = postSolution
		{342E1A81-5F34-41A8-A828-7C9BDCEFCBFB}.Debug|Win32.ActiveCfg = Debug|Win32
		{342E1A81-5F34-41A8-A828-7C9BDCEFCBFB}.Debug|Win32.Build.0 = Debug|Win32
		{342E1A81-5F34-41A8-A828-7C9BDCEFCBFB}.Release|Win32.ActiveCfg = Release|Win32
		{342E1A81-5F34-41A8-A828-7C9BDCEFCBFB}.Release|Win32.Build.0 = Release|Win32
	EndGlobalSection
	GlobalSection(SolutionProperties) = preSolution
		HideSolutionNode = FALSE
	EndGlobalSection
EndGlobal
