<?xml version="1.0" encoding="utf-8"?>
<Project ToolsVersion="4.0" xmlns="http://schemas.microsoft.com/developer/msbuild/2003">
  <ItemGroup>
    <Filter Include="Classes">
      <UniqueIdentifier>{57e10c4c-e75c-4109-ada2-d4d65236ae55}</UniqueIdentifier>
    </Filter>
  </ItemGroup>
  <ItemGroup>
    <ClInclude Include="MenuComponent.h">
      <Filter>Classes</Filter>
    </ClInclude>
    <ClInclude Include="MenuItem.h">
      <Filter>Classes</Filter>
    </ClInclude>
    <ClInclude Include="Menu.h">
      <Filter>Classes</Filter>
    </ClInclude>
    <ClInclude Include="Iterator.h">
      <Filter>Classes</Filter>
    </ClInclude>
  </ItemGroup>
  <ItemGroup>
    <ClCompile Include="MenuItem.cpp">
      <Filter>Classes</Filter>
    </ClCompile>
    <ClCompile Include="Menu.cpp">
      <Filter>Classes</Filter>
    </ClCompile>
    <ClCompile Include="main.cpp">
      <Filter>Classes</Filter>
    </ClCompile>
  </ItemGroup>
</Project>