<?xml version="1.0" encoding="utf-8"?>
<Project ToolsVersion="4.0" xmlns="http://schemas.microsoft.com/developer/msbuild/2003">
  <ItemGroup>
    <Filter Include="Classes">
      <UniqueIdentifier>{604bc4b8-1186-4406-8199-38e89a784515}</UniqueIdentifier>
    </Filter>
  </ItemGroup>
  <ItemGroup>
    <ClInclude Include="State.h">
      <Filter>Classes</Filter>
    </ClInclude>
    <ClInclude Include="GumballMachine.h">
      <Filter>Classes</Filter>
    </ClInclude>
  </ItemGroup>
  <ItemGroup>
    <ClCompile Include="State.cpp">
      <Filter>Classes</Filter>
    </ClCompile>
    <ClCompile Include="GumballMachine.cpp">
      <Filter>Classes</Filter>
    </ClCompile>
    <ClCompile Include="main.cpp">
      <Filter>Classes</Filter>
    </ClCompile>
  </ItemGroup>
</Project>